
Microsoft Visual Studio Solution File, Format Version 12.00
# Visual Studio Version 17
VisualStudioVersion = 17.0.32112.339
MinimumVisualStudioVersion = 10.0.40219.1
Project("{FAE04EC0-301F-11D3-BF4B-00C04F79EFBC}") = "WebApplication1", "WebApplication1.csproj", "{4AF624BE-313B-4918-B870-63910294B857}"
EndProject
Global
	GlobalSection(SolutionConfigurationPlatforms) = preSolution
		Debug|Any CPU = Debug|Any CPU
		Release|Any CPU = Release|Any CPU
	EndGlobalSection
	GlobalSection(ProjectConfigurationPlatforms) = postSolution
		{4AF624BE-313B-4918-B870-63910294B857}.Debug|Any CPU.ActiveCfg = Debug|Any CPU
		{4AF624BE-313B-4918-B870-63910294B857}.Debug|Any CPU.Build.0 = Debug|Any CPU
		{4AF624BE-313B-4918-B870-63910294B857}.Release|Any CPU.ActiveCfg = Release|Any CPU
		{4AF624BE-313B-4918-B870-63910294B857}.Release|Any CPU.Build.0 = Release|Any CPU
	EndGlobalSection
	GlobalSection(SolutionProperties) = preSolution
		HideSolutionNode = FALSE
	EndGlobalSection
	GlobalSection(ExtensibilityGlobals) = postSolution
		SolutionGuid = {CE4621B7-B755-4AEA-8FB2-ED1B9769BDB7}
	EndGlobalSection
EndGlobal
